{
    "_readme": [
        "This file locks the dependencies of your project to a known state",
        "Read more about it at https://getcomposer.org/doc/01-basic-usage.md#composer-lock-the-lock-file",
        "This file is @generated automatically"
    ],
    "content-hash": "29f774f9e2cf09f6d0eba1821f4b97c2",
    "packages": [
        {
            "name": "clue/http-proxy-react",
            "version": "v0.3.1",
            "source": {
                "type": "git",
                "url": "https://github.com/clue/php-http-proxy-react.git",
                "reference": "e66493659c0b787c52ba58532958741270640074"
            },
            "dist": {
                "type": "zip",
                "url": "https://api.github.com/repos/clue/php-http-proxy-react/zipball/e66493659c0b787c52ba58532958741270640074",
                "reference": "e66493659c0b787c52ba58532958741270640074",
                "shasum": ""
            },
            "require": {
                "php": ">=5.3",
                "react/promise": " ^2.1 || ^1.2.1",
                "react/socket": "^1.0 || ^0.8 || ^0.7.1",
                "ringcentral/psr7": "^1.2"
            },
            "require-dev": {
                "clue/block-react": "^1.1",
                "phpunit/phpunit": "^5.0 || ^4.8",
                "react/event-loop": "^1.0 || ^0.5 || ^0.4 || ^0.3"
            },
            "type": "library",
            "autoload": {
                "psr-4": {
                    "Clue\\React\\HttpProxy\\": "src/"
                }
            },
            "notification-url": "https://packagist.org/downloads/",
            "license": [
                "MIT"
            ],
            "authors": [
                {
                    "name": "Christian Lück",
                    "email": "christian@lueck.tv"
                }
            ],
            "description": "Async HTTP CONNECT proxy connector, use any TCP/IP protocol through an HTTP proxy server, built on top of ReactPHP",
            "homepage": "https://github.com/clue/php-http-proxy-react",
            "keywords": [
                "async",
                "connect",
                "http",
                "proxy",
                "reactphp"
            ],
            "time": "2017-05-10T18:42:44+00:00"
        },
        {
            "name": "clue/socks-react",
            "version": "v0.8.2",
            "source": {
                "type": "git",
                "url": "https://github.com/clue/php-socks-react.git",
                "reference": "4be22952fdec6b244a83ff5d3c2e06af55dbfc4b"
            },
            "dist": {
                "type": "zip",
                "url": "https://api.github.com/repos/clue/php-socks-react/zipball/4be22952fdec6b244a83ff5d3c2e06af55dbfc4b",
                "reference": "4be22952fdec6b244a83ff5d3c2e06af55dbfc4b",
                "shasum": ""
            },
            "require": {
                "evenement/evenement": "~1.0|~2.0",
                "php": ">=5.3",
                "react/promise": "^2.1 || ^1.2",
                "react/socket": "^1.0 || ^0.8 || ^0.7"
            },
            "require-dev": {
                "clue/block-react": "^1.1",
                "clue/connection-manager-extra": "^1.0 || ^0.7",
                "phpunit/phpunit": "^5.0 || ^4.8",
                "react/event-loop": "^1.0 || ^0.5 || ^0.4 || ^0.3"
            },
            "type": "library",
            "autoload": {
                "psr-4": {
                    "Clue\\React\\Socks\\": "src/"
                }
            },
            "notification-url": "https://packagist.org/downloads/",
            "license": [
                "MIT"
            ],
            "authors": [
                {
                    "name": "Christian Lück",
                    "email": "christian@lueck.tv"
                }
            ],
            "description": "Async SOCKS4, SOCKS4a and SOCKS5 proxy client and server implementation, built on top of ReactPHP",
            "homepage": "https://github.com/clue/php-socks-react",
            "keywords": [
                "async",
                "proxy",
                "reactphp",
                "socks client",
                "socks protocol",
                "socks server",
                "tcp tunnel"
            ],
            "time": "2017-05-09T21:13:02+00:00"
        },
        {
            "name": "evenement/evenement",
            "version": "v2.0.0",
            "source": {
                "type": "git",
                "url": "https://github.com/igorw/evenement.git",
                "reference": "f6e843799fd4f4184d54d8fc7b5b3551c9fa803e"
            },
            "dist": {
                "type": "zip",
                "url": "https://api.github.com/repos/igorw/evenement/zipball/f6e843799fd4f4184d54d8fc7b5b3551c9fa803e",
                "reference": "f6e843799fd4f4184d54d8fc7b5b3551c9fa803e",
                "shasum": ""
            },
            "require": {
                "php": ">=5.4.0"
            },
            "type": "library",
            "extra": {
                "branch-alias": {
                    "dev-master": "2.0-dev"
                }
            },
            "autoload": {
                "psr-0": {
                    "Evenement": "src"
                }
            },
            "notification-url": "https://packagist.org/downloads/",
            "license": [
                "MIT"
            ],
            "authors": [
                {
                    "name": "Igor Wiedler",
                    "email": "igor@wiedler.ch",
                    "homepage": "http://wiedler.ch/igor/"
                }
            ],
            "description": "Événement is a very simple event dispatching library for PHP",
            "keywords": [
                "event-dispatcher",
                "event-emitter"
            ],
            "time": "2012-11-02T14:49:47+00:00"
        },
        {
            "name": "guzzlehttp/psr7",
            "version": "1.4.2",
            "source": {
                "type": "git",
                "url": "https://github.com/guzzle/psr7.git",
                "reference": "f5b8a8512e2b58b0071a7280e39f14f72e05d87c"
            },
            "dist": {
                "type": "zip",
                "url": "https://api.github.com/repos/guzzle/psr7/zipball/f5b8a8512e2b58b0071a7280e39f14f72e05d87c",
                "reference": "f5b8a8512e2b58b0071a7280e39f14f72e05d87c",
                "shasum": ""
            },
            "require": {
                "php": ">=5.4.0",
                "psr/http-message": "~1.0"
            },
            "provide": {
                "psr/http-message-implementation": "1.0"
            },
            "require-dev": {
                "phpunit/phpunit": "~4.0"
            },
            "type": "library",
            "extra": {
                "branch-alias": {
                    "dev-master": "1.4-dev"
                }
            },
            "autoload": {
                "psr-4": {
                    "GuzzleHttp\\Psr7\\": "src/"
                },
                "files": [
                    "src/functions_include.php"
                ]
            },
            "notification-url": "https://packagist.org/downloads/",
            "license": [
                "MIT"
            ],
            "authors": [
                {
                    "name": "Michael Dowling",
                    "email": "mtdowling@gmail.com",
                    "homepage": "https://github.com/mtdowling"
                },
                {
                    "name": "Tobias Schultze",
                    "homepage": "https://github.com/Tobion"
                }
            ],
            "description": "PSR-7 message implementation that also provides common utility methods",
            "keywords": [
                "http",
                "message",
                "request",
                "response",
                "stream",
                "uri",
                "url"
            ],
            "time": "2017-03-20T17:10:46+00:00"
        },
        {
            "name": "psr/http-message",
            "version": "1.0.1",
            "source": {
                "type": "git",
                "url": "https://github.com/php-fig/http-message.git",
                "reference": "f6561bf28d520154e4b0ec72be95418abe6d9363"
            },
            "dist": {
                "type": "zip",
                "url": "https://api.github.com/repos/php-fig/http-message/zipball/f6561bf28d520154e4b0ec72be95418abe6d9363",
                "reference": "f6561bf28d520154e4b0ec72be95418abe6d9363",
                "shasum": ""
            },
            "require": {
                "php": ">=5.3.0"
            },
            "type": "library",
            "extra": {
                "branch-alias": {
                    "dev-master": "1.0.x-dev"
                }
            },
            "autoload": {
                "psr-4": {
                    "Psr\\Http\\Message\\": "src/"
                }
            },
            "notification-url": "https://packagist.org/downloads/",
            "license": [
                "MIT"
            ],
            "authors": [
                {
                    "name": "PHP-FIG",
                    "homepage": "http://www.php-fig.org/"
                }
            ],
            "description": "Common interface for HTTP messages",
            "homepage": "https://github.com/php-fig/http-message",
            "keywords": [
                "http",
                "http-message",
                "psr",
                "psr-7",
                "request",
                "response"
            ],
            "time": "2016-08-06T14:39:51+00:00"
        },
        {
            "name": "react/cache",
            "version": "v0.4.1",
            "source": {
                "type": "git",
                "url": "https://github.com/reactphp/cache.git",
                "reference": "558f614891341b1d817a8cdf9a358948ec49638f"
            },
            "dist": {
                "type": "zip",
                "url": "https://api.github.com/repos/reactphp/cache/zipball/558f614891341b1d817a8cdf9a358948ec49638f",
                "reference": "558f614891341b1d817a8cdf9a358948ec49638f",
                "shasum": ""
            },
            "require": {
                "php": ">=5.3.0",
                "react/promise": "~2.0|~1.1"
            },
            "type": "library",
            "autoload": {
                "psr-4": {
                    "React\\Cache\\": "src\\"
                }
            },
            "notification-url": "https://packagist.org/downloads/",
            "license": [
                "MIT"
            ],
            "description": "Async caching.",
            "keywords": [
                "cache"
            ],
            "time": "2016-02-25T18:17:16+00:00"
        },
        {
            "name": "react/dns",
            "version": "v0.4.9",
            "source": {
                "type": "git",
                "url": "https://github.com/reactphp/dns.git",
                "reference": "288b4f36972cdc2f81dae1d1a58a0467e3f625cb"
            },
            "dist": {
                "type": "zip",
                "url": "https://api.github.com/repos/reactphp/dns/zipball/288b4f36972cdc2f81dae1d1a58a0467e3f625cb",
                "reference": "288b4f36972cdc2f81dae1d1a58a0467e3f625cb",
                "shasum": ""
            },
            "require": {
                "php": ">=5.3.0",
                "react/cache": "~0.4.0|~0.3.0",
                "react/promise": "~2.1|~1.2",
                "react/promise-timer": "~1.1",
                "react/socket": "^1.0 || ^0.8 || ^0.7 || ^0.6 || ^0.5 || ^0.4.4",
                "react/stream": "^1.0 || ^0.7 || ^0.6 || ^0.5 || ^0.4.5"
            },
            "require-dev": {
                "phpunit/phpunit": "^5.0 || ^4.8.10"
            },
            "type": "library",
            "autoload": {
                "psr-4": {
                    "React\\Dns\\": "src"
                }
            },
            "notification-url": "https://packagist.org/downloads/",
            "license": [
                "MIT"
            ],
            "description": "Async DNS resolver for ReactPHP",
            "keywords": [
                "dns",
                "dns-resolver"
            ],
            "time": "2017-05-01T17:21:03+00:00"
        },
        {
            "name": "react/event-loop",
            "version": "v0.4.3",
            "source": {
                "type": "git",
                "url": "https://github.com/reactphp/event-loop.git",
                "reference": "8bde03488ee897dc6bb3d91e4e17c353f9c5252f"
            },
            "dist": {
                "type": "zip",
                "url": "https://api.github.com/repos/reactphp/event-loop/zipball/8bde03488ee897dc6bb3d91e4e17c353f9c5252f",
                "reference": "8bde03488ee897dc6bb3d91e4e17c353f9c5252f",
                "shasum": ""
            },
            "require": {
                "php": ">=5.4.0"
            },
            "require-dev": {
                "phpunit/phpunit": "~4.8"
            },
            "suggest": {
                "ext-event": "~1.0",
                "ext-libev": "*",
                "ext-libevent": ">=0.1.0"
            },
            "type": "library",
            "autoload": {
                "psr-4": {
                    "React\\EventLoop\\": "src"
                }
            },
            "notification-url": "https://packagist.org/downloads/",
            "license": [
                "MIT"
            ],
            "description": "Event loop abstraction layer that libraries can use for evented I/O.",
            "keywords": [
                "asynchronous",
                "event-loop"
            ],
            "time": "2017-04-27T10:56:23+00:00"
        },
        {
            "name": "react/http",
            "version": "v0.7.0",
            "source": {
                "type": "git",
                "url": "https://github.com/reactphp/http.git",
                "reference": "8c806074b6637cfd6cbb7049d5d500b18bb56cd4"
            },
            "dist": {
                "type": "zip",
                "url": "https://api.github.com/repos/reactphp/http/zipball/8c806074b6637cfd6cbb7049d5d500b18bb56cd4",
                "reference": "8c806074b6637cfd6cbb7049d5d500b18bb56cd4",
                "shasum": ""
            },
            "require": {
                "evenement/evenement": "^2.0 || ^1.0",
                "php": ">=5.3.0",
                "react/promise": "^2.1 || ^1.2.1",
                "react/socket": "^1.0 || ^0.8 || ^0.7 || ^0.6 || ^0.5",
                "react/stream": "^1.0 || ^0.7 || ^0.6 || ^0.5 || ^0.4.6",
                "ringcentral/psr7": "^1.2"
            },
            "require-dev": {
                "clue/block-react": "^1.1",
                "phpunit/phpunit": "^4.8.10||^5.0",
                "react/promise-stream": "^0.1.1",
                "react/socket": "^1.0 || ^0.8 || ^0.7"
            },
            "type": "library",
            "autoload": {
                "psr-4": {
                    "React\\Http\\": "src"
                }
            },
            "notification-url": "https://packagist.org/downloads/",
            "license": [
                "MIT"
            ],
            "description": "Event-driven, streaming plaintext HTTP and secure HTTPS server for ReactPHP",
            "keywords": [
                "event-driven",
                "http",
                "https",
                "reactphp",
                "server",
                "streaming"
            ],
            "time": "2017-05-29T15:41:07+00:00"
        },
        {
            "name": "react/http-client",
            "version": "v0.5.0",
            "source": {
                "type": "git",
                "url": "https://github.com/reactphp/http-client.git",
                "reference": "caf646e6eaaf374153a41112665e4dd707ee603d"
            },
            "dist": {
                "type": "zip",
                "url": "https://api.github.com/repos/reactphp/http-client/zipball/caf646e6eaaf374153a41112665e4dd707ee603d",
                "reference": "caf646e6eaaf374153a41112665e4dd707ee603d",
                "shasum": ""
            },
            "require": {
                "evenement/evenement": "~2.0",
                "guzzlehttp/psr7": "^1.0",
                "php": ">=5.4.0",
                "react/event-loop": "^1.0 || ^0.5 || ^0.4 || ^0.3",
                "react/promise": "~2.2",
                "react/socket": "^1.0 || ^0.8 || ^0.7",
                "react/stream": "^1.0 || ^0.7 || ^0.6 || ^0.5 || ^0.4.2"
            },
            "require-dev": {
                "phpunit/phpunit": "^5.0 || ^4.8.10"
            },
            "type": "library",
            "autoload": {
                "psr-4": {
                    "React\\HttpClient\\": "src"
                }
            },
            "notification-url": "https://packagist.org/downloads/",
            "license": [
                "MIT"
            ],
            "description": "Event-driven, streaming HTTP client for ReactPHP",
            "keywords": [
                "http"
            ],
            "time": "2017-05-22T13:22:03+00:00"
        },
        {
            "name": "react/promise",
            "version": "v2.5.1",
            "source": {
                "type": "git",
                "url": "https://github.com/reactphp/promise.git",
                "reference": "62785ae604c8d69725d693eb370e1d67e94c4053"
            },
            "dist": {
                "type": "zip",
                "url": "https://api.github.com/repos/reactphp/promise/zipball/62785ae604c8d69725d693eb370e1d67e94c4053",
                "reference": "62785ae604c8d69725d693eb370e1d67e94c4053",
                "shasum": ""
            },
            "require": {
                "php": ">=5.4.0"
            },
            "require-dev": {
                "phpunit/phpunit": "~4.8"
            },
            "type": "library",
            "autoload": {
                "psr-4": {
                    "React\\Promise\\": "src/"
                },
                "files": [
                    "src/functions_include.php"
                ]
            },
            "notification-url": "https://packagist.org/downloads/",
            "license": [
                "MIT"
            ],
            "authors": [
                {
                    "name": "Jan Sorgalla",
                    "email": "jsorgalla@gmail.com"
                }
            ],
            "description": "A lightweight implementation of CommonJS Promises/A for PHP",
            "keywords": [
                "promise",
                "promises"
            ],
            "time": "2017-03-25T12:08:31+00:00"
        },
        {
            "name": "react/promise-timer",
            "version": "v1.1.1",
            "source": {
                "type": "git",
                "url": "https://github.com/reactphp/promise-timer.git",
                "reference": "ddedc67bfd7f579fc83e66ff67e3564b179297dd"
            },
            "dist": {
                "type": "zip",
                "url": "https://api.github.com/repos/reactphp/promise-timer/zipball/ddedc67bfd7f579fc83e66ff67e3564b179297dd",
                "reference": "ddedc67bfd7f579fc83e66ff67e3564b179297dd",
                "shasum": ""
            },
            "require": {
                "php": ">=5.3",
                "react/event-loop": "~0.4.0|~0.3.0",
                "react/promise": "~2.1|~1.2"
            },
            "type": "library",
            "autoload": {
                "psr-4": {
                    "React\\Promise\\Timer\\": "src/"
                },
                "files": [
                    "src/functions.php"
                ]
            },
            "notification-url": "https://packagist.org/downloads/",
            "license": [
                "MIT"
            ],
            "authors": [
                {
                    "name": "Christian Lück",
                    "email": "christian@lueck.tv"
                }
            ],
            "description": "Trivial timeout implementation for Promises",
            "homepage": "https://github.com/react/promise-timer",
            "keywords": [
                "async",
                "event-loop",
                "promise",
                "reactphp",
                "timeout",
                "timer"
            ],
            "time": "2016-12-27T08:12:19+00:00"
        },
        {
            "name": "react/socket",
            "version": "v0.8.0",
            "source": {
                "type": "git",
                "url": "https://github.com/reactphp/socket.git",
                "reference": "8f880ab1a9e1b2eb236a836aa5e1326da3647bcd"
            },
            "dist": {
                "type": "zip",
                "url": "https://api.github.com/repos/reactphp/socket/zipball/8f880ab1a9e1b2eb236a836aa5e1326da3647bcd",
                "reference": "8f880ab1a9e1b2eb236a836aa5e1326da3647bcd",
                "shasum": ""
            },
            "require": {
                "evenement/evenement": "~2.0|~1.0",
                "php": ">=5.3.0",
                "react/dns": "0.4.*|0.3.*",
                "react/event-loop": "0.4.*|0.3.*",
                "react/promise": "^2.1 || ^1.2",
                "react/promise-timer": "~1.0",
                "react/stream": "^1.0 || ^0.7 || ^0.6 || ^0.5 || ^0.4.5"
            },
            "require-dev": {
                "clue/block-react": "^1.1",
                "phpunit/phpunit": "~4.8",
                "react/stream": "^1.0 || ^0.7 || ^0.6"
            },
            "type": "library",
            "autoload": {
                "psr-4": {
                    "React\\Socket\\": "src"
                }
            },
            "notification-url": "https://packagist.org/downloads/",
            "license": [
                "MIT"
            ],
            "description": "Async, streaming plaintext TCP/IP and secure TLS socket server and client connections for ReactPHP",
            "keywords": [
                "Connection",
                "Socket",
                "async",
                "reactphp",
                "stream"
            ],
            "time": "2017-05-09T11:27:38+00:00"
        },
        {
            "name": "react/stream",
            "version": "v0.7.1",
            "source": {
                "type": "git",
                "url": "https://github.com/reactphp/stream.git",
                "reference": "bd19f2f66de70afa8a065bbfdb07def24af8f63c"
            },
            "dist": {
                "type": "zip",
                "url": "https://api.github.com/repos/reactphp/stream/zipball/bd19f2f66de70afa8a065bbfdb07def24af8f63c",
                "reference": "bd19f2f66de70afa8a065bbfdb07def24af8f63c",
                "shasum": ""
            },
            "require": {
                "evenement/evenement": "^2.0|^1.0",
                "php": ">=5.3.8",
                "react/event-loop": "^1.0 || ^0.5 || ^0.4 || ^0.3"
            },
            "require-dev": {
                "clue/stream-filter": "~1.2",
                "phpunit/phpunit": "^5.0 || ^4.8.10"
            },
            "suggest": {
                "react/event-loop": "^0.4"
            },
            "type": "library",
            "autoload": {
                "psr-4": {
                    "React\\Stream\\": "src"
                }
            },
            "notification-url": "https://packagist.org/downloads/",
            "license": [
                "MIT"
            ],
            "description": "Event-driven readable and writable streams for non-blocking I/O in ReactPHP",
            "keywords": [
                "event-driven",
                "io",
                "non-blocking",
                "pipe",
                "reactphp",
                "readable",
                "stream",
                "writable"
            ],
            "time": "2017-05-20T17:29:18+00:00"
        },
        {
            "name": "ringcentral/psr7",
            "version": "1.2.1",
            "source": {
                "type": "git",
                "url": "https://github.com/ringcentral/psr7.git",
                "reference": "2594fb47cdc659f3fcf0aa1559b7355460555303"
            },
            "dist": {
                "type": "zip",
                "url": "https://api.github.com/repos/ringcentral/psr7/zipball/2594fb47cdc659f3fcf0aa1559b7355460555303",
                "reference": "2594fb47cdc659f3fcf0aa1559b7355460555303",
                "shasum": ""
            },
            "require": {
                "php": ">=5.3",
                "psr/http-message": "~1.0"
            },
            "provide": {
                "psr/http-message-implementation": "1.0"
            },
            "require-dev": {
                "phpunit/phpunit": "~4.0"
            },
            "type": "library",
            "extra": {
                "branch-alias": {
                    "dev-master": "1.0-dev"
                }
            },
            "autoload": {
                "psr-4": {
                    "RingCentral\\Psr7\\": "src/"
                },
                "files": [
                    "src/functions_include.php"
                ]
            },
            "notification-url": "https://packagist.org/downloads/",
            "license": [
                "MIT"
            ],
            "authors": [
                {
                    "name": "Michael Dowling",
                    "email": "mtdowling@gmail.com",
                    "homepage": "https://github.com/mtdowling"
                }
            ],
            "description": "PSR-7 message implementation",
            "keywords": [
                "http",
                "message",
                "stream",
                "uri"
            ],
            "time": "2016-03-25T17:36:49+00:00"
        }
    ],
    "packages-dev": [],
    "aliases": [],
    "minimum-stability": "stable",
    "stability-flags": [],
    "prefer-stable": false,
    "prefer-lowest": false,
    "platform": {
        "php": ">=5.4"
    },
    "platform-dev": []
}
